
Microsoft Visual Studio Solution File, Format Version 12.00
# Visual Studio Version 16
VisualStudioVersion = 16.0.30002.166
MinimumVisualStudioVersion = 10.0.40219.1
Project("{9A19103F-16F7-4668-BE54-9A1E7A4F7556}") = "DiscordBot.ConsoleApp", "DiscordBot.ConsoleApp\DiscordBot.ConsoleApp.csproj", "{0CA5FE38-BB0B-4A5A-8EC5-C529637AA12F}"
EndProject
Project("{9A19103F-16F7-4668-BE54-9A1E7A4F7556}") = "DiscordBot.Game.CoinWar", "Game.CoinWar\DiscordBot.Game.CoinWar.csproj", "{33493C13-F986-44A5-8EFE-5A7A44E84705}"
EndProject
Project("{9A19103F-16F7-4668-BE54-9A1E7A4F7556}") = "DiscordBot.Core", "DiscordBot.Core\DiscordBot.Core.csproj", "{6DCAA9E2-382F-4AF4-BACC-30E3FF053682}"
EndProject
Project("{9A19103F-16F7-4668-BE54-9A1E7A4F7556}") = "DiscordBot.Infrastructure", "DiscordBot.Infrastructure\DiscordBot.Infrastructure.csproj", "{8355FF64-760C-4933-B8B8-559056E9E9A9}"
EndProject
Project("{9A19103F-16F7-4668-BE54-9A1E7A4F7556}") = "DiscordBot.Broker", "DiscordBot.Broker\DiscordBot.Broker.csproj", "{3B8D5B87-0D7E-44A0-9356-37621CE40E24}"
EndProject
Project("{9A19103F-16F7-4668-BE54-9A1E7A4F7556}") = "DiscordBot.Game.Mafia", "DiscordBot.Game.Mafia\DiscordBot.Game.Mafia.csproj", "{B60A9B1E-A658-4569-9BBC-9528D2AB29C4}"
EndProject
Project("{FAE04EC0-301F-11D3-BF4B-00C04F79EFBC}") = "DiscordBot.Escrow", "DiscordBot.Escrow\DiscordBot.Escrow.csproj", "{F10F2DB9-8B7E-4ECF-8796-F61CA3097735}"
EndProject
Global
	GlobalSection(SolutionConfigurationPlatforms) = preSolution
		Debug|Any CPU = Debug|Any CPU
		Release|Any CPU = Release|Any CPU
	EndGlobalSection
	GlobalSection(ProjectConfigurationPlatforms) = postSolution
		{0CA5FE38-BB0B-4A5A-8EC5-C529637AA12F}.Debug|Any CPU.ActiveCfg = Debug|Any CPU
		{0CA5FE38-BB0B-4A5A-8EC5-C529637AA12F}.Debug|Any CPU.Build.0 = Debug|Any CPU
		{0CA5FE38-BB0B-4A5A-8EC5-C529637AA12F}.Release|Any CPU.ActiveCfg = Release|Any CPU
		{0CA5FE38-BB0B-4A5A-8EC5-C529637AA12F}.Release|Any CPU.Build.0 = Release|Any CPU
		{33493C13-F986-44A5-8EFE-5A7A44E84705}.Debug|Any CPU.ActiveCfg = Debug|Any CPU
		{33493C13-F986-44A5-8EFE-5A7A44E84705}.Debug|Any CPU.Build.0 = Debug|Any CPU
		{33493C13-F986-44A5-8EFE-5A7A44E84705}.Release|Any CPU.ActiveCfg = Release|Any CPU
		{33493C13-F986-44A5-8EFE-5A7A44E84705}.Release|Any CPU.Build.0 = Release|Any CPU
		{6DCAA9E2-382F-4AF4-BACC-30E3FF053682}.Debug|Any CPU.ActiveCfg = Debug|Any CPU
		{6DCAA9E2-382F-4AF4-BACC-30E3FF053682}.Debug|Any CPU.Build.0 = Debug|Any CPU
		{6DCAA9E2-382F-4AF4-BACC-30E3FF053682}.Release|Any CPU.ActiveCfg = Release|Any CPU
		{6DCAA9E2-382F-4AF4-BACC-30E3FF053682}.Release|Any CPU.Build.0 = Release|Any CPU
		{8355FF64-760C-4933-B8B8-559056E9E9A9}.Debug|Any CPU.ActiveCfg = Debug|Any CPU
		{8355FF64-760C-4933-B8B8-559056E9E9A9}.Debug|Any CPU.Build.0 = Debug|Any CPU
		{8355FF64-760C-4933-B8B8-559056E9E9A9}.Release|Any CPU.ActiveCfg = Release|Any CPU
		{8355FF64-760C-4933-B8B8-559056E9E9A9}.Release|Any CPU.Build.0 = Release|Any CPU
		{3B8D5B87-0D7E-44A0-9356-37621CE40E24}.Debug|Any CPU.ActiveCfg = Debug|Any CPU
		{3B8D5B87-0D7E-44A0-9356-37621CE40E24}.Debug|Any CPU.Build.0 = Debug|Any CPU
		{3B8D5B87-0D7E-44A0-9356-37621CE40E24}.Release|Any CPU.ActiveCfg = Release|Any CPU
		{3B8D5B87-0D7E-44A0-9356-37621CE40E24}.Release|Any CPU.Build.0 = Release|Any CPU
		{B60A9B1E-A658-4569-9BBC-9528D2AB29C4}.Debug|Any CPU.ActiveCfg = Debug|Any CPU
		{B60A9B1E-A658-4569-9BBC-9528D2AB29C4}.Debug|Any CPU.Build.0 = Debug|Any CPU
		{B60A9B1E-A658-4569-9BBC-9528D2AB29C4}.Release|Any CPU.ActiveCfg = Release|Any CPU
		{B60A9B1E-A658-4569-9BBC-9528D2AB29C4}.Release|Any CPU.Build.0 = Release|Any CPU
		{F10F2DB9-8B7E-4ECF-8796-F61CA3097735}.Debug|Any CPU.ActiveCfg = Debug|Any CPU
		{F10F2DB9-8B7E-4ECF-8796-F61CA3097735}.Debug|Any CPU.Build.0 = Debug|Any CPU
		{F10F2DB9-8B7E-4ECF-8796-F61CA3097735}.Release|Any CPU.ActiveCfg = Release|Any CPU
		{F10F2DB9-8B7E-4ECF-8796-F61CA3097735}.Release|Any CPU.Build.0 = Release|Any CPU
	EndGlobalSection
	GlobalSection(SolutionProperties) = preSolution
		HideSolutionNode = FALSE
	EndGlobalSection
	GlobalSection(ExtensibilityGlobals) = postSolution
		SolutionGuid = {2056EE52-B0A4-4137-9007-08333C3CED86}
	EndGlobalSection
EndGlobal
